
Microsoft Visual Studio Solution File, Format Version 12.00
# Visual Studio Version 17
VisualStudioVersion = 17.14.36429.23 d17.14
MinimumVisualStudioVersion = 10.0.40219.1
Project("{F184B08F-C81C-45F6-A57F-5ABD9991F28F}") = "Adopt me", "Adopt me.vbproj", "{7954624E-CFB7-46B7-8D9A-39D31753EFEA}"
EndProject
Global
	GlobalSection(SolutionConfigurationPlatforms) = preSolution
		Debug|Any CPU = Debug|Any CPU
		Release|Any CPU = Release|Any CPU
	EndGlobalSection
	GlobalSection(ProjectConfigurationPlatforms) = postSolution
		{7954624E-CFB7-46B7-8D9A-39D31753EFEA}.Debug|Any CPU.ActiveCfg = Debug|Any CPU
		{7954624E-CFB7-46B7-8D9A-39D31753EFEA}.Debug|Any CPU.Build.0 = Debug|Any CPU
		{7954624E-CFB7-46B7-8D9A-39D31753EFEA}.Release|Any CPU.ActiveCfg = Release|Any CPU
		{7954624E-CFB7-46B7-8D9A-39D31753EFEA}.Release|Any CPU.Build.0 = Release|Any CPU
	EndGlobalSection
	GlobalSection(SolutionProperties) = preSolution
		HideSolutionNode = FALSE
	EndGlobalSection
	GlobalSection(ExtensibilityGlobals) = postSolution
		SolutionGuid = {90CD8A9C-18B3-435F-90B1-B30E9F1C4777}
	EndGlobalSection
EndGlobal
